// !$*UTF8*$!
{
	archiveVersion = 1;
	classes = {
	};
	objectVersion = 50;
	objects = {

/* Begin PBXBuildFile section */
		C71A96D7229DC86B00F85DB3 /* AppDelegate.swift in Sources */ = {isa = PBXBuildFile; fileRef = C71A96D6229DC86B00F85DB3 /* AppDelegate.swift */; };
		C71A96DE229DC87000F85DB3 /* Images.xcassets in Resources */ = {isa = PBXBuildFile; fileRef = C71A96DD229DC87000F85DB3 /* Images.xcassets */; };
		C71A96E1229DC87000F85DB3 /* LaunchScreen.storyboard in Resources */ = {isa = PBXBuildFile; fileRef = C71A96DF229DC87000F85DB3 /* LaunchScreen.storyboard */; };
		C71A96EC229DC87000F85DB3 /* ImageSearchTests.swift in Sources */ = {isa = PBXBuildFile; fileRef = C71A96EB229DC87000F85DB3 /* ImageSearchTests.swift */; };
		C71A96F7229DC87000F85DB3 /* ImageSearchUITests.swift in Sources */ = {isa = PBXBuildFile; fileRef = C71A96F6229DC87000F85DB3 /* ImageSearchUITests.swift */; };
		C71A970A229DCCCA00F85DB3 /* MainViewController.swift in Sources */ = {isa = PBXBuildFile; fileRef = C71A9709229DCCCA00F85DB3 /* MainViewController.swift */; };
		C71A970D229DD09400F85DB3 /* RemoteImageModel.swift in Sources */ = {isa = PBXBuildFile; fileRef = C71A970C229DD09300F85DB3 /* RemoteImageModel.swift */; };
		C71A9710229DD22B00F85DB3 /* MainViewImageCell.swift in Sources */ = {isa = PBXBuildFile; fileRef = C71A970F229DD22B00F85DB3 /* MainViewImageCell.swift */; };
		C71A9715229DD58D00F85DB3 /* UICollectionView+DequeueAndRegister.swift in Sources */ = {isa = PBXBuildFile; fileRef = C71A9714229DD58D00F85DB3 /* UICollectionView+DequeueAndRegister.swift */; };
		C71A9719229DD8B000F85DB3 /* ImageSearchServiceType.swift in Sources */ = {isa = PBXBuildFile; fileRef = C71A9717229DD8B000F85DB3 /* ImageSearchServiceType.swift */; };
		C71A971A229DD8B000F85DB3 /* ImageSearchService.swift in Sources */ = {isa = PBXBuildFile; fileRef = C71A9718229DD8B000F85DB3 /* ImageSearchService.swift */; };
		C71A971C229DE82100F85DB3 /* ImageSearchProviderModel.swift in Sources */ = {isa = PBXBuildFile; fileRef = C71A971B229DE82100F85DB3 /* ImageSearchProviderModel.swift */; };
		C71A971F229E063500F85DB3 /* ImageLoadingServiceType.swift in Sources */ = {isa = PBXBuildFile; fileRef = C71A971D229E063400F85DB3 /* ImageLoadingServiceType.swift */; };
		C71A9720229E063500F85DB3 /* ImageLoadingService.swift in Sources */ = {isa = PBXBuildFile; fileRef = C71A971E229E063400F85DB3 /* ImageLoadingService.swift */; };
		C71A9722229E0B8200F85DB3 /* Typealiases.swift in Sources */ = {isa = PBXBuildFile; fileRef = C71A9721229E0B8200F85DB3 /* Typealiases.swift */; };
		C71A9724229E226B00F85DB3 /* UIImageView+ImageLoading.swift in Sources */ = {isa = PBXBuildFile; fileRef = C71A9723229E226B00F85DB3 /* UIImageView+ImageLoading.swift */; };
/* End PBXBuildFile section */

/* Begin PBXContainerItemProxy section */
		C71A96E8229DC87000F85DB3 /* PBXContainerItemProxy */ = {
			isa = PBXContainerItemProxy;
			containerPortal = C71A96CB229DC86B00F85DB3 /* Project object */;
			proxyType = 1;
			remoteGlobalIDString = C71A96D2229DC86B00F85DB3;
			remoteInfo = ImageSearch;
		};
		C71A96F3229DC87000F85DB3 /* PBXContainerItemProxy */ = {
			isa = PBXContainerItemProxy;
			containerPortal = C71A96CB229DC86B00F85DB3 /* Project object */;
			proxyType = 1;
			remoteGlobalIDString = C71A96D2229DC86B00F85DB3;
			remoteInfo = ImageSearch;
		};
/* End PBXContainerItemProxy section */

/* Begin PBXFileReference section */
		C71A96D3229DC86B00F85DB3 /* ImageSearch.app */ = {isa = PBXFileReference; explicitFileType = wrapper.application; includeInIndex = 0; path = ImageSearch.app; sourceTree = BUILT_PRODUCTS_DIR; };
		C71A96D6229DC86B00F85DB3 /* AppDelegate.swift */ = {isa = PBXFileReference; lastKnownFileType = sourcecode.swift; path = AppDelegate.swift; sourceTree = "<group>"; };
		C71A96DD229DC87000F85DB3 /* Images.xcassets */ = {isa = PBXFileReference; lastKnownFileType = folder.assetcatalog; path = Images.xcassets; sourceTree = "<group>"; };
		C71A96E0229DC87000F85DB3 /* Base */ = {isa = PBXFileReference; lastKnownFileType = file.storyboard; name = Base; path = Base.lproj/LaunchScreen.storyboard; sourceTree = "<group>"; };
		C71A96E2229DC87000F85DB3 /* Info.plist */ = {isa = PBXFileReference; lastKnownFileType = text.plist.xml; path = Info.plist; sourceTree = "<group>"; };
		C71A96E7229DC87000F85DB3 /* ImageSearchTests.xctest */ = {isa = PBXFileReference; explicitFileType = wrapper.cfbundle; includeInIndex = 0; path = ImageSearchTests.xctest; sourceTree = BUILT_PRODUCTS_DIR; };
		C71A96EB229DC87000F85DB3 /* ImageSearchTests.swift */ = {isa = PBXFileReference; lastKnownFileType = sourcecode.swift; path = ImageSearchTests.swift; sourceTree = "<group>"; };
		C71A96ED229DC87000F85DB3 /* Info.plist */ = {isa = PBXFileReference; lastKnownFileType = text.plist.xml; path = Info.plist; sourceTree = "<group>"; };
		C71A96F2229DC87000F85DB3 /* ImageSearchUITests.xctest */ = {isa = PBXFileReference; explicitFileType = wrapper.cfbundle; includeInIndex = 0; path = ImageSearchUITests.xctest; sourceTree = BUILT_PRODUCTS_DIR; };
		C71A96F6229DC87000F85DB3 /* ImageSearchUITests.swift */ = {isa = PBXFileReference; lastKnownFileType = sourcecode.swift; path = ImageSearchUITests.swift; sourceTree = "<group>"; };
		C71A96F8229DC87000F85DB3 /* Info.plist */ = {isa = PBXFileReference; lastKnownFileType = text.plist.xml; path = Info.plist; sourceTree = "<group>"; };
		C71A9709229DCCCA00F85DB3 /* MainViewController.swift */ = {isa = PBXFileReference; lastKnownFileType = sourcecode.swift; path = MainViewController.swift; sourceTree = "<group>"; };
		C71A970C229DD09300F85DB3 /* RemoteImageModel.swift */ = {isa = PBXFileReference; lastKnownFileType = sourcecode.swift; path = RemoteImageModel.swift; sourceTree = "<group>"; };
		C71A970F229DD22B00F85DB3 /* MainViewImageCell.swift */ = {isa = PBXFileReference; lastKnownFileType = sourcecode.swift; path = MainViewImageCell.swift; sourceTree = "<group>"; };
		C71A9714229DD58D00F85DB3 /* UICollectionView+DequeueAndRegister.swift */ = {isa = PBXFileReference; lastKnownFileType = sourcecode.swift; path = "UICollectionView+DequeueAndRegister.swift"; sourceTree = "<group>"; };
		C71A9717229DD8B000F85DB3 /* ImageSearchServiceType.swift */ = {isa = PBXFileReference; lastKnownFileType = sourcecode.swift; path = ImageSearchServiceType.swift; sourceTree = "<group>"; };
		C71A9718229DD8B000F85DB3 /* ImageSearchService.swift */ = {isa = PBXFileReference; lastKnownFileType = sourcecode.swift; path = ImageSearchService.swift; sourceTree = "<group>"; };
		C71A971B229DE82100F85DB3 /* ImageSearchProviderModel.swift */ = {isa = PBXFileReference; lastKnownFileType = sourcecode.swift; path = ImageSearchProviderModel.swift; sourceTree = "<group>"; };
		C71A971D229E063400F85DB3 /* ImageLoadingServiceType.swift */ = {isa = PBXFileReference; lastKnownFileType = sourcecode.swift; path = ImageLoadingServiceType.swift; sourceTree = "<group>"; };
		C71A971E229E063400F85DB3 /* ImageLoadingService.swift */ = {isa = PBXFileReference; lastKnownFileType = sourcecode.swift; path = ImageLoadingService.swift; sourceTree = "<group>"; };
		C71A9721229E0B8200F85DB3 /* Typealiases.swift */ = {isa = PBXFileReference; lastKnownFileType = sourcecode.swift; path = Typealiases.swift; sourceTree = "<group>"; };
		C71A9723229E226B00F85DB3 /* UIImageView+ImageLoading.swift */ = {isa = PBXFileReference; lastKnownFileType = sourcecode.swift; path = "UIImageView+ImageLoading.swift"; sourceTree = "<group>"; };
/* End PBXFileReference section */

/* Begin PBXFrameworksBuildPhase section */
		C71A96D0229DC86B00F85DB3 /* Frameworks */ = {
			isa = PBXFrameworksBuildPhase;
			buildActionMask = 2147483647;
			files = (
			);
			runOnlyForDeploymentPostprocessing = 0;
		};
		C71A96E4229DC87000F85DB3 /* Frameworks */ = {
			isa = PBXFrameworksBuildPhase;
			buildActionMask = 2147483647;
			files = (
			);
			runOnlyForDeploymentPostprocessing = 0;
		};
		C71A96EF229DC87000F85DB3 /* Frameworks */ = {
			isa = PBXFrameworksBuildPhase;
			buildActionMask = 2147483647;
			files = (
			);
			runOnlyForDeploymentPostprocessing = 0;
		};
/* End PBXFrameworksBuildPhase section */

/* Begin PBXGroup section */
		C71A96CA229DC86B00F85DB3 = {
			isa = PBXGroup;
			children = (
				C71A96D5229DC86B00F85DB3 /* ImageSearch */,
				C71A96EA229DC87000F85DB3 /* ImageSearchTests */,
				C71A96F5229DC87000F85DB3 /* ImageSearchUITests */,
				C71A96D4229DC86B00F85DB3 /* Products */,
			);
			sourceTree = "<group>";
		};
		C71A96D4229DC86B00F85DB3 /* Products */ = {
			isa = PBXGroup;
			children = (
				C71A96D3229DC86B00F85DB3 /* ImageSearch.app */,
				C71A96E7229DC87000F85DB3 /* ImageSearchTests.xctest */,
				C71A96F2229DC87000F85DB3 /* ImageSearchUITests.xctest */,
			);
			name = Products;
			sourceTree = "<group>";
		};
		C71A96D5229DC86B00F85DB3 /* ImageSearch */ = {
			isa = PBXGroup;
			children = (
				C71A9705229DCAE400F85DB3 /* Assets */,
				C71A9713229DD55B00F85DB3 /* Extensions */,
				C71A970B229DD07300F85DB3 /* Models */,
				C71A9706229DCC4C00F85DB3 /* Scenes */,
				C71A9716229DD87900F85DB3 /* Services */,
				C71A9704229DCA8500F85DB3 /* SupportingFiles */,
			);
			path = ImageSearch;
			sourceTree = "<group>";
		};
		C71A96EA229DC87000F85DB3 /* ImageSearchTests */ = {
			isa = PBXGroup;
			children = (
				C71A96EB229DC87000F85DB3 /* ImageSearchTests.swift */,
				C71A96ED229DC87000F85DB3 /* Info.plist */,
			);
			path = ImageSearchTests;
			sourceTree = "<group>";
		};
		C71A96F5229DC87000F85DB3 /* ImageSearchUITests */ = {
			isa = PBXGroup;
			children = (
				C71A96F6229DC87000F85DB3 /* ImageSearchUITests.swift */,
				C71A96F8229DC87000F85DB3 /* Info.plist */,
			);
			path = ImageSearchUITests;
			sourceTree = "<group>";
		};
		C71A9704229DCA8500F85DB3 /* SupportingFiles */ = {
			isa = PBXGroup;
			children = (
				C71A96E2229DC87000F85DB3 /* Info.plist */,
				C71A96D6229DC86B00F85DB3 /* AppDelegate.swift */,
				C71A9721229E0B8200F85DB3 /* Typealiases.swift */,
				C71A96DF229DC87000F85DB3 /* LaunchScreen.storyboard */,
			);
			path = SupportingFiles;
			sourceTree = "<group>";
		};
		C71A9705229DCAE400F85DB3 /* Assets */ = {
			isa = PBXGroup;
			children = (
				C71A96DD229DC87000F85DB3 /* Images.xcassets */,
			);
			path = Assets;
			sourceTree = "<group>";
		};
		C71A9706229DCC4C00F85DB3 /* Scenes */ = {
			isa = PBXGroup;
			children = (
				C71A9707229DCC5700F85DB3 /* Main */,
			);
			path = Scenes;
			sourceTree = "<group>";
		};
		C71A9707229DCC5700F85DB3 /* Main */ = {
			isa = PBXGroup;
			children = (
				C71A970E229DD21600F85DB3 /* -Views */,
				C71A9709229DCCCA00F85DB3 /* MainViewController.swift */,
			);
			path = Main;
			sourceTree = "<group>";
		};
		C71A970B229DD07300F85DB3 /* Models */ = {
			isa = PBXGroup;
			children = (
				C71A971B229DE82100F85DB3 /* ImageSearchProviderModel.swift */,
				C71A970C229DD09300F85DB3 /* RemoteImageModel.swift */,
			);
			path = Models;
			sourceTree = "<group>";
		};
		C71A970E229DD21600F85DB3 /* -Views */ = {
			isa = PBXGroup;
			children = (
				C71A970F229DD22B00F85DB3 /* MainViewImageCell.swift */,
			);
			path = "-Views";
			sourceTree = "<group>";
		};
		C71A9713229DD55B00F85DB3 /* Extensions */ = {
			isa = PBXGroup;
			children = (
				C71A9714229DD58D00F85DB3 /* UICollectionView+DequeueAndRegister.swift */,
				C71A9723229E226B00F85DB3 /* UIImageView+ImageLoading.swift */,
			);
			path = Extensions;
			sourceTree = "<group>";
		};
		C71A9716229DD87900F85DB3 /* Services */ = {
			isa = PBXGroup;
			children = (
				C71A971E229E063400F85DB3 /* ImageLoadingService.swift */,
				C71A971D229E063400F85DB3 /* ImageLoadingServiceType.swift */,
				C71A9718229DD8B000F85DB3 /* ImageSearchService.swift */,
				C71A9717229DD8B000F85DB3 /* ImageSearchServiceType.swift */,
			);
			path = Services;
			sourceTree = "<group>";
		};
/* End PBXGroup section */

/* Begin PBXNativeTarget section */
		C71A96D2229DC86B00F85DB3 /* ImageSearch */ = {
			isa = PBXNativeTarget;
			buildConfigurationList = C71A96FB229DC87000F85DB3 /* Build configuration list for PBXNativeTarget "ImageSearch" */;
			buildPhases = (
				C71A96CF229DC86B00F85DB3 /* Sources */,
				C71A96D0229DC86B00F85DB3 /* Frameworks */,
				C71A96D1229DC86B00F85DB3 /* Resources */,
			);
			buildRules = (
			);
			dependencies = (
			);
			name = ImageSearch;
			productName = ImageSearch;
			productReference = C71A96D3229DC86B00F85DB3 /* ImageSearch.app */;
			productType = "com.apple.product-type.application";
		};
		C71A96E6229DC87000F85DB3 /* ImageSearchTests */ = {
			isa = PBXNativeTarget;
			buildConfigurationList = C71A96FE229DC87000F85DB3 /* Build configuration list for PBXNativeTarget "ImageSearchTests" */;
			buildPhases = (
				C71A96E3229DC87000F85DB3 /* Sources */,
				C71A96E4229DC87000F85DB3 /* Frameworks */,
				C71A96E5229DC87000F85DB3 /* Resources */,
			);
			buildRules = (
			);
			dependencies = (
				C71A96E9229DC87000F85DB3 /* PBXTargetDependency */,
			);
			name = ImageSearchTests;
			productName = ImageSearchTests;
			productReference = C71A96E7229DC87000F85DB3 /* ImageSearchTests.xctest */;
			productType = "com.apple.product-type.bundle.unit-test";
		};
		C71A96F1229DC87000F85DB3 /* ImageSearchUITests */ = {
			isa = PBXNativeTarget;
			buildConfigurationList = C71A9701229DC87000F85DB3 /* Build configuration list for PBXNativeTarget "ImageSearchUITests" */;
			buildPhases = (
				C71A96EE229DC87000F85DB3 /* Sources */,
				C71A96EF229DC87000F85DB3 /* Frameworks */,
				C71A96F0229DC87000F85DB3 /* Resources */,
			);
			buildRules = (
			);
			dependencies = (
				C71A96F4229DC87000F85DB3 /* PBXTargetDependency */,
			);
			name = ImageSearchUITests;
			productName = ImageSearchUITests;
			productReference = C71A96F2229DC87000F85DB3 /* ImageSearchUITests.xctest */;
			productType = "com.apple.product-type.bundle.ui-testing";
		};
/* End PBXNativeTarget section */

/* Begin PBXProject section */
		C71A96CB229DC86B00F85DB3 /* Project object */ = {
			isa = PBXProject;
			attributes = {
				LastSwiftUpdateCheck = 1020;
				LastUpgradeCheck = 1020;
				ORGANIZATIONNAME = "Dmitry Kuznetsov";
				TargetAttributes = {
					C71A96D2229DC86B00F85DB3 = {
						CreatedOnToolsVersion = 10.2.1;
					};
					C71A96E6229DC87000F85DB3 = {
						CreatedOnToolsVersion = 10.2.1;
						TestTargetID = C71A96D2229DC86B00F85DB3;
					};
					C71A96F1229DC87000F85DB3 = {
						CreatedOnToolsVersion = 10.2.1;
						TestTargetID = C71A96D2229DC86B00F85DB3;
					};
				};
			};
			buildConfigurationList = C71A96CE229DC86B00F85DB3 /* Build configuration list for PBXProject "ImageSearch" */;
			compatibilityVersion = "Xcode 9.3";
			developmentRegion = en;
			hasScannedForEncodings = 0;
			knownRegions = (
				en,
				Base,
			);
			mainGroup = C71A96CA229DC86B00F85DB3;
			productRefGroup = C71A96D4229DC86B00F85DB3 /* Products */;
			projectDirPath = "";
			projectRoot = "";
			targets = (
				C71A96D2229DC86B00F85DB3 /* ImageSearch */,
				C71A96E6229DC87000F85DB3 /* ImageSearchTests */,
				C71A96F1229DC87000F85DB3 /* ImageSearchUITests */,
			);
		};
/* End PBXProject section */

/* Begin PBXResourcesBuildPhase section */
		C71A96D1229DC86B00F85DB3 /* Resources */ = {
			isa = PBXResourcesBuildPhase;
			buildActionMask = 2147483647;
			files = (
				C71A96E1229DC87000F85DB3 /* LaunchScreen.storyboard in Resources */,
				C71A96DE229DC87000F85DB3 /* Images.xcassets in Resources */,
			);
			runOnlyForDeploymentPostprocessing = 0;
		};
		C71A96E5229DC87000F85DB3 /* Resources */ = {
			isa = PBXResourcesBuildPhase;
			buildActionMask = 2147483647;
			files = (
			);
			runOnlyForDeploymentPostprocessing = 0;
		};
		C71A96F0229DC87000F85DB3 /* Resources */ = {
			isa = PBXResourcesBuildPhase;
			buildActionMask = 2147483647;
			files = (
			);
			runOnlyForDeploymentPostprocessing = 0;
		};
/* End PBXResourcesBuildPhase section */

/* Begin PBXSourcesBuildPhase section */
		C71A96CF229DC86B00F85DB3 /* Sources */ = {
			isa = PBXSourcesBuildPhase;
			buildActionMask = 2147483647;
			files = (
				C71A96D7229DC86B00F85DB3 /* AppDelegate.swift in Sources */,
				C71A9724229E226B00F85DB3 /* UIImageView+ImageLoading.swift in Sources */,
				C71A971F229E063500F85DB3 /* ImageLoadingServiceType.swift in Sources */,
				C71A9710229DD22B00F85DB3 /* MainViewImageCell.swift in Sources */,
				C71A971A229DD8B000F85DB3 /* ImageSearchService.swift in Sources */,
				C71A9715229DD58D00F85DB3 /* UICollectionView+DequeueAndRegister.swift in Sources */,
				C71A970D229DD09400F85DB3 /* RemoteImageModel.swift in Sources */,
				C71A9720229E063500F85DB3 /* ImageLoadingService.swift in Sources */,
				C71A9722229E0B8200F85DB3 /* Typealiases.swift in Sources */,
				C71A970A229DCCCA00F85DB3 /* MainViewController.swift in Sources */,
				C71A971C229DE82100F85DB3 /* ImageSearchProviderModel.swift in Sources */,
				C71A9719229DD8B000F85DB3 /* ImageSearchServiceType.swift in Sources */,
			);
			runOnlyForDeploymentPostprocessing = 0;
		};
		C71A96E3229DC87000F85DB3 /* Sources */ = {
			isa = PBXSourcesBuildPhase;
			buildActionMask = 2147483647;
			files = (
				C71A96EC229DC87000F85DB3 /* ImageSearchTests.swift in Sources */,
			);
			runOnlyForDeploymentPostprocessing = 0;
		};
		C71A96EE229DC87000F85DB3 /* Sources */ = {
			isa = PBXSourcesBuildPhase;
			buildActionMask = 2147483647;
			files = (
				C71A96F7229DC87000F85DB3 /* ImageSearchUITests.swift in Sources */,
			);
			runOnlyForDeploymentPostprocessing = 0;
		};
/* End PBXSourcesBuildPhase section */

/* Begin PBXTargetDependency section */
		C71A96E9229DC87000F85DB3 /* PBXTargetDependency */ = {
			isa = PBXTargetDependency;
			target = C71A96D2229DC86B00F85DB3 /* ImageSearch */;
			targetProxy = C71A96E8229DC87000F85DB3 /* PBXContainerItemProxy */;
		};
		C71A96F4229DC87000F85DB3 /* PBXTargetDependency */ = {
			isa = PBXTargetDependency;
			target = C71A96D2229DC86B00F85DB3 /* ImageSearch */;
			targetProxy = C71A96F3229DC87000F85DB3 /* PBXContainerItemProxy */;
		};
/* End PBXTargetDependency section */

/* Begin PBXVariantGroup section */
		C71A96DF229DC87000F85DB3 /* LaunchScreen.storyboard */ = {
			isa = PBXVariantGroup;
			children = (
				C71A96E0229DC87000F85DB3 /* Base */,
			);
			name = LaunchScreen.storyboard;
			sourceTree = "<group>";
		};
/* End PBXVariantGroup section */

/* Begin XCBuildConfiguration section */
		C71A96F9229DC87000F85DB3 /* Debug */ = {
			isa = XCBuildConfiguration;
			buildSettings = {
				ALWAYS_SEARCH_USER_PATHS = NO;
				CLANG_ANALYZER_NONNULL = YES;
				CLANG_ANALYZER_NUMBER_OBJECT_CONVERSION = YES_AGGRESSIVE;
				CLANG_CXX_LANGUAGE_STANDARD = "gnu++14";
				CLANG_CXX_LIBRARY = "libc++";
				CLANG_ENABLE_MODULES = YES;
				CLANG_ENABLE_OBJC_ARC = YES;
				CLANG_ENABLE_OBJC_WEAK = YES;
				CLANG_WARN_BLOCK_CAPTURE_AUTORELEASING = YES;
				CLANG_WARN_BOOL_CONVERSION = YES;
				CLANG_WARN_COMMA = YES;
				CLANG_WARN_CONSTANT_CONVERSION = YES;
				CLANG_WARN_DEPRECATED_OBJC_IMPLEMENTATIONS = YES;
				CLANG_WARN_DIRECT_OBJC_ISA_USAGE = YES_ERROR;
				CLANG_WARN_DOCUMENTATION_COMMENTS = YES;
				CLANG_WARN_EMPTY_BODY = YES;
				CLANG_WARN_ENUM_CONVERSION = YES;
				CLANG_WARN_INFINITE_RECURSION = YES;
				CLANG_WARN_INT_CONVERSION = YES;
				CLANG_WARN_NON_LITERAL_NULL_CONVERSION = YES;
				CLANG_WARN_OBJC_IMPLICIT_RETAIN_SELF = YES;
				CLANG_WARN_OBJC_LITERAL_CONVERSION = YES;
				CLANG_WARN_OBJC_ROOT_CLASS = YES_ERROR;
				CLANG_WARN_RANGE_LOOP_ANALYSIS = YES;
				CLANG_WARN_STRICT_PROTOTYPES = YES;
				CLANG_WARN_SUSPICIOUS_MOVE = YES;
				CLANG_WARN_UNGUARDED_AVAILABILITY = YES_AGGRESSIVE;
				CLANG_WARN_UNREACHABLE_CODE = YES;
				CLANG_WARN__DUPLICATE_METHOD_MATCH = YES;
				CODE_SIGN_IDENTITY = "iPhone Developer";
				COPY_PHASE_STRIP = NO;
				DEBUG_INFORMATION_FORMAT = dwarf;
				ENABLE_STRICT_OBJC_MSGSEND = YES;
				ENABLE_TESTABILITY = YES;
				GCC_C_LANGUAGE_STANDARD = gnu11;
				GCC_DYNAMIC_NO_PIC = NO;
				GCC_NO_COMMON_BLOCKS = YES;
				GCC_OPTIMIZATION_LEVEL = 0;
				GCC_PREPROCESSOR_DEFINITIONS = (
					"DEBUG=1",
					"$(inherited)",
				);
				GCC_WARN_64_TO_32_BIT_CONVERSION = YES;
				GCC_WARN_ABOUT_RETURN_TYPE = YES_ERROR;
				GCC_WARN_UNDECLARED_SELECTOR = YES;
				GCC_WARN_UNINITIALIZED_AUTOS = YES_AGGRESSIVE;
				GCC_WARN_UNUSED_FUNCTION = YES;
				GCC_WARN_UNUSED_VARIABLE = YES;
				IPHONEOS_DEPLOYMENT_TARGET = 12.2;
				MTL_ENABLE_DEBUG_INFO = INCLUDE_SOURCE;
				MTL_FAST_MATH = YES;
				ONLY_ACTIVE_ARCH = YES;
				SDKROOT = iphoneos;
				SWIFT_ACTIVE_COMPILATION_CONDITIONS = DEBUG;
				SWIFT_OPTIMIZATION_LEVEL = "-Onone";
			};
			name = Debug;
		};
		C71A96FA229DC87000F85DB3 /* Release */ = {
			isa = XCBuildConfiguration;
			buildSettings = {
				ALWAYS_SEARCH_USER_PATHS = NO;
				CLANG_ANALYZER_NONNULL = YES;
				CLANG_ANALYZER_NUMBER_OBJECT_CONVERSION = YES_AGGRESSIVE;
				CLANG_CXX_LANGUAGE_STANDARD = "gnu++14";
				CLANG_CXX_LIBRARY = "libc++";
				CLANG_ENABLE_MODULES = YES;
				CLANG_ENABLE_OBJC_ARC = YES;
				CLANG_ENABLE_OBJC_WEAK = YES;
				CLANG_WARN_BLOCK_CAPTURE_AUTORELEASING = YES;
				CLANG_WARN_BOOL_CONVERSION = YES;
				CLANG_WARN_COMMA = YES;
				CLANG_WARN_CONSTANT_CONVERSION = YES;
				CLANG_WARN_DEPRECATED_OBJC_IMPLEMENTATIONS = YES;
				CLANG_WARN_DIRECT_OBJC_ISA_USAGE = YES_ERROR;
				CLANG_WARN_DOCUMENTATION_COMMENTS = YES;
				CLANG_WARN_EMPTY_BODY = YES;
				CLANG_WARN_ENUM_CONVERSION = YES;
				CLANG_WARN_INFINITE_RECURSION = YES;
				CLANG_WARN_INT_CONVERSION = YES;
				CLANG_WARN_NON_LITERAL_NULL_CONVERSION = YES;
				CLANG_WARN_OBJC_IMPLICIT_RETAIN_SELF = YES;
				CLANG_WARN_OBJC_LITERAL_CONVERSION = YES;
				CLANG_WARN_OBJC_ROOT_CLASS = YES_ERROR;
				CLANG_WARN_RANGE_LOOP_ANALYSIS = YES;
				CLANG_WARN_STRICT_PROTOTYPES = YES;
				CLANG_WARN_SUSPICIOUS_MOVE = YES;
				CLANG_WARN_UNGUARDED_AVAILABILITY = YES_AGGRESSIVE;
				CLANG_WARN_UNREACHABLE_CODE = YES;
				CLANG_WARN__DUPLICATE_METHOD_MATCH = YES;
				CODE_SIGN_IDENTITY = "iPhone Developer";
				COPY_PHASE_STRIP = NO;
				DEBUG_INFORMATION_FORMAT = "dwarf-with-dsym";
				ENABLE_NS_ASSERTIONS = NO;
				ENABLE_STRICT_OBJC_MSGSEND = YES;
				GCC_C_LANGUAGE_STANDARD = gnu11;
				GCC_NO_COMMON_BLOCKS = YES;
				GCC_WARN_64_TO_32_BIT_CONVERSION = YES;
				GCC_WARN_ABOUT_RETURN_TYPE = YES_ERROR;
				GCC_WARN_UNDECLARED_SELECTOR = YES;
				GCC_WARN_UNINITIALIZED_AUTOS = YES_AGGRESSIVE;
				GCC_WARN_UNUSED_FUNCTION = YES;
				GCC_WARN_UNUSED_VARIABLE = YES;
				IPHONEOS_DEPLOYMENT_TARGET = 12.2;
				MTL_ENABLE_DEBUG_INFO = NO;
				MTL_FAST_MATH = YES;
				SDKROOT = iphoneos;
				SWIFT_COMPILATION_MODE = wholemodule;
				SWIFT_OPTIMIZATION_LEVEL = "-O";
				VALIDATE_PRODUCT = YES;
			};
			name = Release;
		};
		C71A96FC229DC87000F85DB3 /* Debug */ = {
			isa = XCBuildConfiguration;
			buildSettings = {
				ASSETCATALOG_COMPILER_APPICON_NAME = AppIcon;
				CODE_SIGN_STYLE = Automatic;
				DEVELOPMENT_TEAM = 54XDBWL7NB;
				INFOPLIST_FILE = ImageSearch/SupportingFiles/Info.plist;
				IPHONEOS_DEPLOYMENT_TARGET = 12.0;
				LD_RUNPATH_SEARCH_PATHS = (
					"$(inherited)",
					"@executable_path/Frameworks",
				);
				PRODUCT_BUNDLE_IDENTIFIER = com.dsk13061995.ImageSearch;
				PRODUCT_NAME = "$(TARGET_NAME)";
				SWIFT_VERSION = 5.0;
				TARGETED_DEVICE_FAMILY = 1;
			};
			name = Debug;
		};
		C71A96FD229DC87000F85DB3 /* Release */ = {
			isa = XCBuildConfiguration;
			buildSettings = {
				ASSETCATALOG_COMPILER_APPICON_NAME = AppIcon;
				CODE_SIGN_STYLE = Automatic;
				DEVELOPMENT_TEAM = 54XDBWL7NB;
				INFOPLIST_FILE = ImageSearch/SupportingFiles/Info.plist;
				IPHONEOS_DEPLOYMENT_TARGET = 12.0;
				LD_RUNPATH_SEARCH_PATHS = (
					"$(inherited)",
					"@executable_path/Frameworks",
				);
				PRODUCT_BUNDLE_IDENTIFIER = com.dsk13061995.ImageSearch;
				PRODUCT_NAME = "$(TARGET_NAME)";
				SWIFT_VERSION = 5.0;
				TARGETED_DEVICE_FAMILY = 1;
			};
			name = Release;
		};
		C71A96FF229DC87000F85DB3 /* Debug */ = {
			isa = XCBuildConfiguration;
			buildSettings = {
				ALWAYS_EMBED_SWIFT_STANDARD_LIBRARIES = YES;
				BUNDLE_LOADER = "$(TEST_HOST)";
				CODE_SIGN_STYLE = Automatic;
				DEVELOPMENT_TEAM = 54XDBWL7NB;
				INFOPLIST_FILE = ImageSearchTests/Info.plist;
				LD_RUNPATH_SEARCH_PATHS = (
					"$(inherited)",
					"@executable_path/Frameworks",
					"@loader_path/Frameworks",
				);
				PRODUCT_BUNDLE_IDENTIFIER = com.dsk13061995.ImageSearchTests;
				PRODUCT_NAME = "$(TARGET_NAME)";
				SWIFT_VERSION = 5.0;
				TARGETED_DEVICE_FAMILY = "1,2";
				TEST_HOST = "$(BUILT_PRODUCTS_DIR)/ImageSearch.app/ImageSearch";
			};
			name = Debug;
		};
		C71A9700229DC87000F85DB3 /* Release */ = {
			isa = XCBuildConfiguration;
			buildSettings = {
				ALWAYS_EMBED_SWIFT_STANDARD_LIBRARIES = YES;
				BUNDLE_LOADER = "$(TEST_HOST)";
				CODE_SIGN_STYLE = Automatic;
				DEVELOPMENT_TEAM = 54XDBWL7NB;
				INFOPLIST_FILE = ImageSearchTests/Info.plist;
				LD_RUNPATH_SEARCH_PATHS = (
					"$(inherited)",
					"@executable_path/Frameworks",
					"@loader_path/Frameworks",
				);
				PRODUCT_BUNDLE_IDENTIFIER = com.dsk13061995.ImageSearchTests;
				PRODUCT_NAME = "$(TARGET_NAME)";
				SWIFT_VERSION = 5.0;
				TARGETED_DEVICE_FAMILY = "1,2";
				TEST_HOST = "$(BUILT_PRODUCTS_DIR)/ImageSearch.app/ImageSearch";
			};
			name = Release;
		};
		C71A9702229DC87000F85DB3 /* Debug */ = {
			isa = XCBuildConfiguration;
			buildSettings = {
				ALWAYS_EMBED_SWIFT_STANDARD_LIBRARIES = YES;
				CODE_SIGN_STYLE = Automatic;
				DEVELOPMENT_TEAM = 54XDBWL7NB;
				INFOPLIST_FILE = ImageSearchUITests/Info.plist;
				LD_RUNPATH_SEARCH_PATHS = (
					"$(inherited)",
					"@executable_path/Frameworks",
					"@loader_path/Frameworks",
				);
				PRODUCT_BUNDLE_IDENTIFIER = com.dsk13061995.ImageSearchUITests;
				PRODUCT_NAME = "$(TARGET_NAME)";
				SWIFT_VERSION = 5.0;
				TARGETED_DEVICE_FAMILY = "1,2";
				TEST_TARGET_NAME = ImageSearch;
			};
			name = Debug;
		};
		C71A9703229DC87000F85DB3 /* Release */ = {
			isa = XCBuildConfiguration;
			buildSettings = {
				ALWAYS_EMBED_SWIFT_STANDARD_LIBRARIES = YES;
				CODE_SIGN_STYLE = Automatic;
				DEVELOPMENT_TEAM = 54XDBWL7NB;
				INFOPLIST_FILE = ImageSearchUITests/Info.plist;
				LD_RUNPATH_SEARCH_PATHS = (
					"$(inherited)",
					"@executable_path/Frameworks",
					"@loader_path/Frameworks",
				);
				PRODUCT_BUNDLE_IDENTIFIER = com.dsk13061995.ImageSearchUITests;
				PRODUCT_NAME = "$(TARGET_NAME)";
				SWIFT_VERSION = 5.0;
				TARGETED_DEVICE_FAMILY = "1,2";
				TEST_TARGET_NAME = ImageSearch;
			};
			name = Release;
		};
/* End XCBuildConfiguration section */

/* Begin XCConfigurationList section */
		C71A96CE229DC86B00F85DB3 /* Build configuration list for PBXProject "ImageSearch" */ = {
			isa = XCConfigurationList;
			buildConfigurations = (
				C71A96F9229DC87000F85DB3 /* Debug */,
				C71A96FA229DC87000F85DB3 /* Release */,
			);
			defaultConfigurationIsVisible = 0;
			defaultConfigurationName = Release;
		};
		C71A96FB229DC87000F85DB3 /* Build configuration list for PBXNativeTarget "ImageSearch" */ = {
			isa = XCConfigurationList;
			buildConfigurations = (
				C71A96FC229DC87000F85DB3 /* Debug */,
				C71A96FD229DC87000F85DB3 /* Release */,
			);
			defaultConfigurationIsVisible = 0;
			defaultConfigurationName = Release;
		};
		C71A96FE229DC87000F85DB3 /* Build configuration list for PBXNativeTarget "ImageSearchTests" */ = {
			isa = XCConfigurationList;
			buildConfigurations = (
				C71A96FF229DC87000F85DB3 /* Debug */,
				C71A9700229DC87000F85DB3 /* Release */,
			);
			defaultConfigurationIsVisible = 0;
			defaultConfigurationName = Release;
		};
		C71A9701229DC87000F85DB3 /* Build configuration list for PBXNativeTarget "ImageSearchUITests" */ = {
			isa = XCConfigurationList;
			buildConfigurations = (
				C71A9702229DC87000F85DB3 /* Debug */,
				C71A9703229DC87000F85DB3 /* Release */,
			);
			defaultConfigurationIsVisible = 0;
			defaultConfigurationName = Release;
		};
/* End XCConfigurationList section */
	};
	rootObject = C71A96CB229DC86B00F85DB3 /* Project object */;
}
